
Microsoft Visual Studio Solution File, Format Version 12.00
# Visual Studio Version 17
VisualStudioVersion = 17.8.34511.84
MinimumVisualStudioVersion = 10.0.40219.1
Project("{9A19103F-16F7-4668-BE54-9A1E7A4F7556}") = "4.4", "4.4\4.4.csproj", "{CF96729C-1A32-456B-8E65-220C5FFBF9DB}"
EndProject
Project("{9A19103F-16F7-4668-BE54-9A1E7A4F7556}") = "4.4.Desktop", "4.4.Desktop\4.4.Desktop.csproj", "{A9FE6FF4-E7ED-47E4-97F1-B6C0EB226464}"
EndProject
Global
	GlobalSection(SolutionConfigurationPlatforms) = preSolution
		Debug|Any CPU = Debug|Any CPU
		Release|Any CPU = Release|Any CPU
	EndGlobalSection
	GlobalSection(ProjectConfigurationPlatforms) = postSolution
		{CF96729C-1A32-456B-8E65-220C5FFBF9DB}.Debug|Any CPU.ActiveCfg = Debug|Any CPU
		{CF96729C-1A32-456B-8E65-220C5FFBF9DB}.Debug|Any CPU.Build.0 = Debug|Any CPU
		{CF96729C-1A32-456B-8E65-220C5FFBF9DB}.Release|Any CPU.ActiveCfg = Release|Any CPU
		{CF96729C-1A32-456B-8E65-220C5FFBF9DB}.Release|Any CPU.Build.0 = Release|Any CPU
		{A9FE6FF4-E7ED-47E4-97F1-B6C0EB226464}.Debug|Any CPU.ActiveCfg = Debug|Any CPU
		{A9FE6FF4-E7ED-47E4-97F1-B6C0EB226464}.Debug|Any CPU.Build.0 = Debug|Any CPU
		{A9FE6FF4-E7ED-47E4-97F1-B6C0EB226464}.Release|Any CPU.ActiveCfg = Release|Any CPU
		{A9FE6FF4-E7ED-47E4-97F1-B6C0EB226464}.Release|Any CPU.Build.0 = Release|Any CPU
	EndGlobalSection
	GlobalSection(SolutionProperties) = preSolution
		HideSolutionNode = FALSE
	EndGlobalSection
	GlobalSection(ExtensibilityGlobals) = postSolution
		SolutionGuid = {A90FED30-9274-4052-B527-0EF4758F298C}
	EndGlobalSection
EndGlobal
